// !$*UTF8*$!
{
	archiveVersion = 1;
	classes = {
	};
	objectVersion = 50;
	objects = {

/* Begin PBXBuildFile section */
		7B1FD6CA255ADC320039ED20 /* LearnComplexSidebarApp.swift in Sources */ = {isa = PBXBuildFile; fileRef = 7B1FD6C9255ADC320039ED20 /* LearnComplexSidebarApp.swift */; };
		7B1FD6CC255ADC320039ED20 /* ContentView.swift in Sources */ = {isa = PBXBuildFile; fileRef = 7B1FD6CB255ADC320039ED20 /* ContentView.swift */; };
		7B1FD6CE255ADC340039ED20 /* Assets.xcassets in Resources */ = {isa = PBXBuildFile; fileRef = 7B1FD6CD255ADC340039ED20 /* Assets.xcassets */; };
		7B1FD6D1255ADC340039ED20 /* Preview Assets.xcassets in Resources */ = {isa = PBXBuildFile; fileRef = 7B1FD6D0255ADC340039ED20 /* Preview Assets.xcassets */; };
		7B1FD6DB255ADC6A0039ED20 /* Items.xcdatamodeld in Sources */ = {isa = PBXBuildFile; fileRef = 7B1FD6D9255ADC6A0039ED20 /* Items.xcdatamodeld */; };
		7B1FD6E1255ADD4F0039ED20 /* PersistenceController.swift in Sources */ = {isa = PBXBuildFile; fileRef = 7B1FD6E0255ADD4F0039ED20 /* PersistenceController.swift */; };
		7B1FD6E7255AE23A0039ED20 /* CornerRdiusExtension.swift in Sources */ = {isa = PBXBuildFile; fileRef = 7B1FD6E6255AE23A0039ED20 /* CornerRdiusExtension.swift */; };
		7B1FD6EC255AE2E10039ED20 /* SideBarView.swift in Sources */ = {isa = PBXBuildFile; fileRef = 7B1FD6EB255AE2E10039ED20 /* SideBarView.swift */; };
		7B1FD6F0255AE2F50039ED20 /* SideBarItem.swift in Sources */ = {isa = PBXBuildFile; fileRef = 7B1FD6EF255AE2F50039ED20 /* SideBarItem.swift */; };
		7B1FD6F3255AE61C0039ED20 /* SideBarToggleButton.swift in Sources */ = {isa = PBXBuildFile; fileRef = 7B1FD6F2255AE61C0039ED20 /* SideBarToggleButton.swift */; };
		7B23156E255B9AE1003A9084 /* EnvObj.swift in Sources */ = {isa = PBXBuildFile; fileRef = 7B23156D255B9AE1003A9084 /* EnvObj.swift */; };
/* End PBXBuildFile section */

/* Begin PBXFileReference section */
		7B1FD6C6255ADC320039ED20 /* LearnComplexSidebar.app */ = {isa = PBXFileReference; explicitFileType = wrapper.application; includeInIndex = 0; path = LearnComplexSidebar.app; sourceTree = BUILT_PRODUCTS_DIR; };
		7B1FD6C9255ADC320039ED20 /* LearnComplexSidebarApp.swift */ = {isa = PBXFileReference; lastKnownFileType = sourcecode.swift; path = LearnComplexSidebarApp.swift; sourceTree = "<group>"; };
		7B1FD6CB255ADC320039ED20 /* ContentView.swift */ = {isa = PBXFileReference; lastKnownFileType = sourcecode.swift; path = ContentView.swift; sourceTree = "<group>"; };
		7B1FD6CD255ADC340039ED20 /* Assets.xcassets */ = {isa = PBXFileReference; lastKnownFileType = folder.assetcatalog; path = Assets.xcassets; sourceTree = "<group>"; };
		7B1FD6D0255ADC340039ED20 /* Preview Assets.xcassets */ = {isa = PBXFileReference; lastKnownFileType = folder.assetcatalog; path = "Preview Assets.xcassets"; sourceTree = "<group>"; };
		7B1FD6D2255ADC340039ED20 /* Info.plist */ = {isa = PBXFileReference; lastKnownFileType = text.plist.xml; path = Info.plist; sourceTree = "<group>"; };
		7B1FD6DA255ADC6A0039ED20 /* Items.xcdatamodel */ = {isa = PBXFileReference; lastKnownFileType = wrapper.xcdatamodel; path = Items.xcdatamodel; sourceTree = "<group>"; };
		7B1FD6E0255ADD4F0039ED20 /* PersistenceController.swift */ = {isa = PBXFileReference; lastKnownFileType = sourcecode.swift; path = PersistenceController.swift; sourceTree = "<group>"; };
		7B1FD6E6255AE23A0039ED20 /* CornerRdiusExtension.swift */ = {isa = PBXFileReference; lastKnownFileType = sourcecode.swift; path = CornerRdiusExtension.swift; sourceTree = "<group>"; };
		7B1FD6EB255AE2E10039ED20 /* SideBarView.swift */ = {isa = PBXFileReference; lastKnownFileType = sourcecode.swift; path = SideBarView.swift; sourceTree = "<group>"; };
		7B1FD6EF255AE2F50039ED20 /* SideBarItem.swift */ = {isa = PBXFileReference; lastKnownFileType = sourcecode.swift; path = SideBarItem.swift; sourceTree = "<group>"; };
		7B1FD6F2255AE61C0039ED20 /* SideBarToggleButton.swift */ = {isa = PBXFileReference; lastKnownFileType = sourcecode.swift; path = SideBarToggleButton.swift; sourceTree = "<group>"; };
		7B23156D255B9AE1003A9084 /* EnvObj.swift */ = {isa = PBXFileReference; lastKnownFileType = sourcecode.swift; path = EnvObj.swift; sourceTree = "<group>"; };
/* End PBXFileReference section */

/* Begin PBXFrameworksBuildPhase section */
		7B1FD6C3255ADC320039ED20 /* Frameworks */ = {
			isa = PBXFrameworksBuildPhase;
			buildActionMask = 2147483647;
			files = (
			);
			runOnlyForDeploymentPostprocessing = 0;
		};
/* End PBXFrameworksBuildPhase section */

/* Begin PBXGroup section */
		7B1FD6BD255ADC320039ED20 = {
			isa = PBXGroup;
			children = (
				7B1FD6C8255ADC320039ED20 /* LearnComplexSidebar */,
				7B1FD6C7255ADC320039ED20 /* Products */,
			);
			sourceTree = "<group>";
		};
		7B1FD6C7255ADC320039ED20 /* Products */ = {
			isa = PBXGroup;
			children = (
				7B1FD6C6255ADC320039ED20 /* LearnComplexSidebar.app */,
			);
			name = Products;
			sourceTree = "<group>";
		};
		7B1FD6C8255ADC320039ED20 /* LearnComplexSidebar */ = {
			isa = PBXGroup;
			children = (
				7B1FD6EA255AE2C70039ED20 /* Views */,
				7B1FD6E5255AE2230039ED20 /* HelperCode */,
				7B1FD6E3255ADD590039ED20 /* Controllers */,
				7B1FD6DD255ADC700039ED20 /* Model */,
				7B1FD6C9255ADC320039ED20 /* LearnComplexSidebarApp.swift */,
				7B1FD6CD255ADC340039ED20 /* Assets.xcassets */,
				7B1FD6D2255ADC340039ED20 /* Info.plist */,
				7B1FD6CF255ADC340039ED20 /* Preview Content */,
			);
			path = LearnComplexSidebar;
			sourceTree = "<group>";
		};
		7B1FD6CF255ADC340039ED20 /* Preview Content */ = {
			isa = PBXGroup;
			children = (
				7B1FD6D0255ADC340039ED20 /* Preview Assets.xcassets */,
			);
			path = "Preview Content";
			sourceTree = "<group>";
		};
		7B1FD6DD255ADC700039ED20 /* Model */ = {
			isa = PBXGroup;
			children = (
				7B1FD6D9255ADC6A0039ED20 /* Items.xcdatamodeld */,
			);
			path = Model;
			sourceTree = "<group>";
		};
		7B1FD6E3255ADD590039ED20 /* Controllers */ = {
			isa = PBXGroup;
			children = (
				7B1FD6E0255ADD4F0039ED20 /* PersistenceController.swift */,
				7B23156D255B9AE1003A9084 /* EnvObj.swift */,
			);
			path = Controllers;
			sourceTree = "<group>";
		};
		7B1FD6E5255AE2230039ED20 /* HelperCode */ = {
			isa = PBXGroup;
			children = (
				7B1FD6E6255AE23A0039ED20 /* CornerRdiusExtension.swift */,
			);
			path = HelperCode;
			sourceTree = "<group>";
		};
		7B1FD6EA255AE2C70039ED20 /* Views */ = {
			isa = PBXGroup;
			children = (
				7B1FD6CB255ADC320039ED20 /* ContentView.swift */,
				7B1FD6EB255AE2E10039ED20 /* SideBarView.swift */,
				7B1FD6EF255AE2F50039ED20 /* SideBarItem.swift */,
				7B1FD6F2255AE61C0039ED20 /* SideBarToggleButton.swift */,
			);
			path = Views;
			sourceTree = "<group>";
		};
/* End PBXGroup section */

/* Begin PBXNativeTarget section */
		7B1FD6C5255ADC320039ED20 /* LearnComplexSidebar */ = {
			isa = PBXNativeTarget;
			buildConfigurationList = 7B1FD6D5255ADC340039ED20 /* Build configuration list for PBXNativeTarget "LearnComplexSidebar" */;
			buildPhases = (
				7B1FD6C2255ADC320039ED20 /* Sources */,
				7B1FD6C3255ADC320039ED20 /* Frameworks */,
				7B1FD6C4255ADC320039ED20 /* Resources */,
			);
			buildRules = (
			);
			dependencies = (
			);
			name = LearnComplexSidebar;
			productName = LearnComplexSidebar;
			productReference = 7B1FD6C6255ADC320039ED20 /* LearnComplexSidebar.app */;
			productType = "com.apple.product-type.application";
		};
/* End PBXNativeTarget section */

/* Begin PBXProject section */
		7B1FD6BE255ADC320039ED20 /* Project object */ = {
			isa = PBXProject;
			attributes = {
				LastSwiftUpdateCheck = 1210;
				LastUpgradeCheck = 1210;
				TargetAttributes = {
					7B1FD6C5255ADC320039ED20 = {
						CreatedOnToolsVersion = 12.1;
					};
				};
			};
			buildConfigurationList = 7B1FD6C1255ADC320039ED20 /* Build configuration list for PBXProject "LearnComplexSidebar" */;
			compatibilityVersion = "Xcode 9.3";
			developmentRegion = en;
			hasScannedForEncodings = 0;
			knownRegions = (
				en,
				Base,
			);
			mainGroup = 7B1FD6BD255ADC320039ED20;
			productRefGroup = 7B1FD6C7255ADC320039ED20 /* Products */;
			projectDirPath = "";
			projectRoot = "";
			targets = (
				7B1FD6C5255ADC320039ED20 /* LearnComplexSidebar */,
			);
		};
/* End PBXProject section */

/* Begin PBXResourcesBuildPhase section */
		7B1FD6C4255ADC320039ED20 /* Resources */ = {
			isa = PBXResourcesBuildPhase;
			buildActionMask = 2147483647;
			files = (
				7B1FD6D1255ADC340039ED20 /* Preview Assets.xcassets in Resources */,
				7B1FD6CE255ADC340039ED20 /* Assets.xcassets in Resources */,
			);
			runOnlyForDeploymentPostprocessing = 0;
		};
/* End PBXResourcesBuildPhase section */

/* Begin PBXSourcesBuildPhase section */
		7B1FD6C2255ADC320039ED20 /* Sources */ = {
			isa = PBXSourcesBuildPhase;
			buildActionMask = 2147483647;
			files = (
				7B1FD6F0255AE2F50039ED20 /* SideBarItem.swift in Sources */,
				7B1FD6DB255ADC6A0039ED20 /* Items.xcdatamodeld in Sources */,
				7B23156E255B9AE1003A9084 /* EnvObj.swift in Sources */,
				7B1FD6CC255ADC320039ED20 /* ContentView.swift in Sources */,
				7B1FD6CA255ADC320039ED20 /* LearnComplexSidebarApp.swift in Sources */,
				7B1FD6F3255AE61C0039ED20 /* SideBarToggleButton.swift in Sources */,
				7B1FD6EC255AE2E10039ED20 /* SideBarView.swift in Sources */,
				7B1FD6E1255ADD4F0039ED20 /* PersistenceController.swift in Sources */,
				7B1FD6E7255AE23A0039ED20 /* CornerRdiusExtension.swift in Sources */,
			);
			runOnlyForDeploymentPostprocessing = 0;
		};
/* End PBXSourcesBuildPhase section */

/* Begin XCBuildConfiguration section */
		7B1FD6D3255ADC340039ED20 /* Debug */ = {
			isa = XCBuildConfiguration;
			buildSettings = {
				ALWAYS_SEARCH_USER_PATHS = NO;
				CLANG_ANALYZER_NONNULL = YES;
				CLANG_ANALYZER_NUMBER_OBJECT_CONVERSION = YES_AGGRESSIVE;
				CLANG_CXX_LANGUAGE_STANDARD = "gnu++14";
				CLANG_CXX_LIBRARY = "libc++";
				CLANG_ENABLE_MODULES = YES;
				CLANG_ENABLE_OBJC_ARC = YES;
				CLANG_ENABLE_OBJC_WEAK = YES;
				CLANG_WARN_BLOCK_CAPTURE_AUTORELEASING = YES;
				CLANG_WARN_BOOL_CONVERSION = YES;
				CLANG_WARN_COMMA = YES;
				CLANG_WARN_CONSTANT_CONVERSION = YES;
				CLANG_WARN_DEPRECATED_OBJC_IMPLEMENTATIONS = YES;
				CLANG_WARN_DIRECT_OBJC_ISA_USAGE = YES_ERROR;
				CLANG_WARN_DOCUMENTATION_COMMENTS = YES;
				CLANG_WARN_EMPTY_BODY = YES;
				CLANG_WARN_ENUM_CONVERSION = YES;
				CLANG_WARN_INFINITE_RECURSION = YES;
				CLANG_WARN_INT_CONVERSION = YES;
				CLANG_WARN_NON_LITERAL_NULL_CONVERSION = YES;
				CLANG_WARN_OBJC_IMPLICIT_RETAIN_SELF = YES;
				CLANG_WARN_OBJC_LITERAL_CONVERSION = YES;
				CLANG_WARN_OBJC_ROOT_CLASS = YES_ERROR;
				CLANG_WARN_QUOTED_INCLUDE_IN_FRAMEWORK_HEADER = YES;
				CLANG_WARN_RANGE_LOOP_ANALYSIS = YES;
				CLANG_WARN_STRICT_PROTOTYPES = YES;
				CLANG_WARN_SUSPICIOUS_MOVE = YES;
				CLANG_WARN_UNGUARDED_AVAILABILITY = YES_AGGRESSIVE;
				CLANG_WARN_UNREACHABLE_CODE = YES;
				CLANG_WARN__DUPLICATE_METHOD_MATCH = YES;
				COPY_PHASE_STRIP = NO;
				DEBUG_INFORMATION_FORMAT = dwarf;
				ENABLE_STRICT_OBJC_MSGSEND = YES;
				ENABLE_TESTABILITY = YES;
				GCC_C_LANGUAGE_STANDARD = gnu11;
				GCC_DYNAMIC_NO_PIC = NO;
				GCC_NO_COMMON_BLOCKS = YES;
				GCC_OPTIMIZATION_LEVEL = 0;
				GCC_PREPROCESSOR_DEFINITIONS = (
					"DEBUG=1",
					"$(inherited)",
				);
				GCC_WARN_64_TO_32_BIT_CONVERSION = YES;
				GCC_WARN_ABOUT_RETURN_TYPE = YES_ERROR;
				GCC_WARN_UNDECLARED_SELECTOR = YES;
				GCC_WARN_UNINITIALIZED_AUTOS = YES_AGGRESSIVE;
				GCC_WARN_UNUSED_FUNCTION = YES;
				GCC_WARN_UNUSED_VARIABLE = YES;
				IPHONEOS_DEPLOYMENT_TARGET = 14.1;
				MTL_ENABLE_DEBUG_INFO = INCLUDE_SOURCE;
				MTL_FAST_MATH = YES;
				ONLY_ACTIVE_ARCH = YES;
				SDKROOT = iphoneos;
				SWIFT_ACTIVE_COMPILATION_CONDITIONS = DEBUG;
				SWIFT_OPTIMIZATION_LEVEL = "-Onone";
			};
			name = Debug;
		};
		7B1FD6D4255ADC340039ED20 /* Release */ = {
			isa = XCBuildConfiguration;
			buildSettings = {
				ALWAYS_SEARCH_USER_PATHS = NO;
				CLANG_ANALYZER_NONNULL = YES;
				CLANG_ANALYZER_NUMBER_OBJECT_CONVERSION = YES_AGGRESSIVE;
				CLANG_CXX_LANGUAGE_STANDARD = "gnu++14";
				CLANG_CXX_LIBRARY = "libc++";
				CLANG_ENABLE_MODULES = YES;
				CLANG_ENABLE_OBJC_ARC = YES;
				CLANG_ENABLE_OBJC_WEAK = YES;
				CLANG_WARN_BLOCK_CAPTURE_AUTORELEASING = YES;
				CLANG_WARN_BOOL_CONVERSION = YES;
				CLANG_WARN_COMMA = YES;
				CLANG_WARN_CONSTANT_CONVERSION = YES;
				CLANG_WARN_DEPRECATED_OBJC_IMPLEMENTATIONS = YES;
				CLANG_WARN_DIRECT_OBJC_ISA_USAGE = YES_ERROR;
				CLANG_WARN_DOCUMENTATION_COMMENTS = YES;
				CLANG_WARN_EMPTY_BODY = YES;
				CLANG_WARN_ENUM_CONVERSION = YES;
				CLANG_WARN_INFINITE_RECURSION = YES;
				CLANG_WARN_INT_CONVERSION = YES;
				CLANG_WARN_NON_LITERAL_NULL_CONVERSION = YES;
				CLANG_WARN_OBJC_IMPLICIT_RETAIN_SELF = YES;
				CLANG_WARN_OBJC_LITERAL_CONVERSION = YES;
				CLANG_WARN_OBJC_ROOT_CLASS = YES_ERROR;
				CLANG_WARN_QUOTED_INCLUDE_IN_FRAMEWORK_HEADER = YES;
				CLANG_WARN_RANGE_LOOP_ANALYSIS = YES;
				CLANG_WARN_STRICT_PROTOTYPES = YES;
				CLANG_WARN_SUSPICIOUS_MOVE = YES;
				CLANG_WARN_UNGUARDED_AVAILABILITY = YES_AGGRESSIVE;
				CLANG_WARN_UNREACHABLE_CODE = YES;
				CLANG_WARN__DUPLICATE_METHOD_MATCH = YES;
				COPY_PHASE_STRIP = NO;
				DEBUG_INFORMATION_FORMAT = "dwarf-with-dsym";
				ENABLE_NS_ASSERTIONS = NO;
				ENABLE_STRICT_OBJC_MSGSEND = YES;
				GCC_C_LANGUAGE_STANDARD = gnu11;
				GCC_NO_COMMON_BLOCKS = YES;
				GCC_WARN_64_TO_32_BIT_CONVERSION = YES;
				GCC_WARN_ABOUT_RETURN_TYPE = YES_ERROR;
				GCC_WARN_UNDECLARED_SELECTOR = YES;
				GCC_WARN_UNINITIALIZED_AUTOS = YES_AGGRESSIVE;
				GCC_WARN_UNUSED_FUNCTION = YES;
				GCC_WARN_UNUSED_VARIABLE = YES;
				IPHONEOS_DEPLOYMENT_TARGET = 14.1;
				MTL_ENABLE_DEBUG_INFO = NO;
				MTL_FAST_MATH = YES;
				SDKROOT = iphoneos;
				SWIFT_COMPILATION_MODE = wholemodule;
				SWIFT_OPTIMIZATION_LEVEL = "-O";
				VALIDATE_PRODUCT = YES;
			};
			name = Release;
		};
		7B1FD6D6255ADC340039ED20 /* Debug */ = {
			isa = XCBuildConfiguration;
			buildSettings = {
				ASSETCATALOG_COMPILER_APPICON_NAME = AppIcon;
				ASSETCATALOG_COMPILER_GLOBAL_ACCENT_COLOR_NAME = AccentColor;
				CODE_SIGN_STYLE = Automatic;
				DEVELOPMENT_ASSET_PATHS = "\"LearnComplexSidebar/Preview Content\"";
				ENABLE_PREVIEWS = YES;
				INFOPLIST_FILE = LearnComplexSidebar/Info.plist;
				IPHONEOS_DEPLOYMENT_TARGET = 14.0;
				LD_RUNPATH_SEARCH_PATHS = (
					"$(inherited)",
					"@executable_path/Frameworks",
				);
				PRODUCT_BUNDLE_IDENTIFIER = com.tezzio.LearnComplexSidebar;
				PRODUCT_NAME = "$(TARGET_NAME)";
				SWIFT_VERSION = 5.0;
				TARGETED_DEVICE_FAMILY = "1,2";
			};
			name = Debug;
		};
		7B1FD6D7255ADC340039ED20 /* Release */ = {
			isa = XCBuildConfiguration;
			buildSettings = {
				ASSETCATALOG_COMPILER_APPICON_NAME = AppIcon;
				ASSETCATALOG_COMPILER_GLOBAL_ACCENT_COLOR_NAME = AccentColor;
				CODE_SIGN_STYLE = Automatic;
				DEVELOPMENT_ASSET_PATHS = "\"LearnComplexSidebar/Preview Content\"";
				ENABLE_PREVIEWS = YES;
				INFOPLIST_FILE = LearnComplexSidebar/Info.plist;
				IPHONEOS_DEPLOYMENT_TARGET = 14.0;
				LD_RUNPATH_SEARCH_PATHS = (
					"$(inherited)",
					"@executable_path/Frameworks",
				);
				PRODUCT_BUNDLE_IDENTIFIER = com.tezzio.LearnComplexSidebar;
				PRODUCT_NAME = "$(TARGET_NAME)";
				SWIFT_VERSION = 5.0;
				TARGETED_DEVICE_FAMILY = "1,2";
			};
			name = Release;
		};
/* End XCBuildConfiguration section */

/* Begin XCConfigurationList section */
		7B1FD6C1255ADC320039ED20 /* Build configuration list for PBXProject "LearnComplexSidebar" */ = {
			isa = XCConfigurationList;
			buildConfigurations = (
				7B1FD6D3255ADC340039ED20 /* Debug */,
				7B1FD6D4255ADC340039ED20 /* Release */,
			);
			defaultConfigurationIsVisible = 0;
			defaultConfigurationName = Release;
		};
		7B1FD6D5255ADC340039ED20 /* Build configuration list for PBXNativeTarget "LearnComplexSidebar" */ = {
			isa = XCConfigurationList;
			buildConfigurations = (
				7B1FD6D6255ADC340039ED20 /* Debug */,
				7B1FD6D7255ADC340039ED20 /* Release */,
			);
			defaultConfigurationIsVisible = 0;
			defaultConfigurationName = Release;
		};
/* End XCConfigurationList section */

/* Begin XCVersionGroup section */
		7B1FD6D9255ADC6A0039ED20 /* Items.xcdatamodeld */ = {
			isa = XCVersionGroup;
			children = (
				7B1FD6DA255ADC6A0039ED20 /* Items.xcdatamodel */,
			);
			currentVersion = 7B1FD6DA255ADC6A0039ED20 /* Items.xcdatamodel */;
			path = Items.xcdatamodeld;
			sourceTree = "<group>";
			versionGroupType = wrapper.xcdatamodel;
		};
/* End XCVersionGroup section */
	};
	rootObject = 7B1FD6BE255ADC320039ED20 /* Project object */;
}
